
Microsoft Visual Studio Solution File, Format Version 12.00
# Visual Studio Version 17
VisualStudioVersion = 17.1.32407.343
MinimumVisualStudioVersion = 10.0.40219.1
Project("{FAE04EC0-301F-11D3-BF4B-00C04F79EFBC}") = "PreisApi", "PreisApi\PreisApi.csproj", "{665AF2FB-2F55-455C-AA3A-F57CB9D28A91}"
EndProject
Global
	GlobalSection(SolutionConfigurationPlatforms) = preSolution
		Debug|Any CPU = Debug|Any CPU
		Release|Any CPU = Release|Any CPU
	EndGlobalSection
	GlobalSection(ProjectConfigurationPlatforms) = postSolution
		{665AF2FB-2F55-455C-AA3A-F57CB9D28A91}.Debug|Any CPU.ActiveCfg = Debug|Any CPU
		{665AF2FB-2F55-455C-AA3A-F57CB9D28A91}.Debug|Any CPU.Build.0 = Debug|Any CPU
		{665AF2FB-2F55-455C-AA3A-F57CB9D28A91}.Release|Any CPU.ActiveCfg = Release|Any CPU
		{665AF2FB-2F55-455C-AA3A-F57CB9D28A91}.Release|Any CPU.Build.0 = Release|Any CPU
	EndGlobalSection
	GlobalSection(SolutionProperties) = preSolution
		HideSolutionNode = FALSE
	EndGlobalSection
	GlobalSection(ExtensibilityGlobals) = postSolution
		SolutionGuid = {C3002436-6F91-44A0-A041-82A80337C8AB}
	EndGlobalSection
EndGlobal
